
Microsoft Visual Studio Solution File, Format Version 12.00
# Visual Studio 15
VisualStudioVersion = 15.0.26730.12
MinimumVisualStudioVersion = 10.0.40219.1
Project("{FAE04EC0-301F-11D3-BF4B-00C04F79EFBC}") = "Xamanimation.Sample.Droid", "Xamanimation.Sample\Xamanimation.Sample.Droid\Xamanimation.Sample.Droid.csproj", "{4666A033-BC82-4628-B92B-117FF9979668}"
EndProject
Project("{FAE04EC0-301F-11D3-BF4B-00C04F79EFBC}") = "Xamanimation.Sample.iOS", "Xamanimation.Sample\Xamanimation.Sample.iOS\Xamanimation.Sample.iOS.csproj", "{0E211103-72D8-4FE3-ADCA-A7A28FDABF13}"
EndProject
Project("{9A19103F-16F7-4668-BE54-9A1E7A4F7556}") = "Xamanimation.Sample", "Xamanimation.Sample\Xamanimation.Sample\Xamanimation.Sample.csproj", "{90D7B287-D73F-4116-93CD-E22631125591}"
EndProject
Project("{2150E333-8FDC-42A3-9474-1A3956D46DE8}") = "Sample", "Sample", "{ABD19303-D1E3-4235-8C8D-6EDD3EE24273}"
EndProject
Project("{9A19103F-16F7-4668-BE54-9A1E7A4F7556}") = "Xamanimation", "Xamanimation\Xamanimation.csproj", "{67F9D3A8-F71E-4428-913F-C37AE82CDB24}"
EndProject
Project("{FAE04EC0-301F-11D3-BF4B-00C04F79EFBC}") = "Xamanimation.Sample.UWP", "Xamanimation.Sample\Xamanimation.Sample.UWP\Xamanimation.Sample.UWP.csproj", "{313E2D74-1958-46DB-AA07-A5D132C05BC3}"
EndProject
Project("{FAE04EC0-301F-11D3-BF4B-00C04F79EFBC}") = "Xamanimation.Sample.WPF", "Xamanimation.Sample\Xamanimation.Sample.WPF\Xamanimation.Sample.WPF.csproj", "{B177698B-EA06-4D93-AB9F-92D7967B17B1}"
EndProject
Project("{FAE04EC0-301F-11D3-BF4B-00C04F79EFBC}") = "Xamanimation.Sample.GTK", "Xamanimation.Sample\Xamanimation.Sample.GTK\Xamanimation.Sample.GTK.csproj", "{27619248-8E6C-4D3B-A271-600C922E99FC}"
EndProject
Global
	GlobalSection(SolutionConfigurationPlatforms) = preSolution
		Ad-Hoc|Any CPU = Ad-Hoc|Any CPU
		Ad-Hoc|ARM = Ad-Hoc|ARM
		Ad-Hoc|iPhone = Ad-Hoc|iPhone
		Ad-Hoc|iPhoneSimulator = Ad-Hoc|iPhoneSimulator
		Ad-Hoc|x64 = Ad-Hoc|x64
		Ad-Hoc|x86 = Ad-Hoc|x86
		AppStore|Any CPU = AppStore|Any CPU
		AppStore|ARM = AppStore|ARM
		AppStore|iPhone = AppStore|iPhone
		AppStore|iPhoneSimulator = AppStore|iPhoneSimulator
		AppStore|x64 = AppStore|x64
		AppStore|x86 = AppStore|x86
		Debug|Any CPU = Debug|Any CPU
		Debug|ARM = Debug|ARM
		Debug|iPhone = Debug|iPhone
		Debug|iPhoneSimulator = Debug|iPhoneSimulator
		Debug|x64 = Debug|x64
		Debug|x86 = Debug|x86
		Release|Any CPU = Release|Any CPU
		Release|ARM = Release|ARM
		Release|iPhone = Release|iPhone
		Release|iPhoneSimulator = Release|iPhoneSimulator
		Release|x64 = Release|x64
		Release|x86 = Release|x86
	EndGlobalSection
	GlobalSection(ProjectConfigurationPlatforms) = postSolution
		{4666A033-BC82-4628-B92B-117FF9979668}.Ad-Hoc|Any CPU.ActiveCfg = Release|Any CPU
		{4666A033-BC82-4628-B92B-117FF9979668}.Ad-Hoc|Any CPU.Build.0 = Release|Any CPU
		{4666A033-BC82-4628-B92B-117FF9979668}.Ad-Hoc|Any CPU.Deploy.0 = Release|Any CPU
		{4666A033-BC82-4628-B92B-117FF9979668}.Ad-Hoc|ARM.ActiveCfg = Release|Any CPU
		{4666A033-BC82-4628-B92B-117FF9979668}.Ad-Hoc|ARM.Build.0 = Release|Any CPU
		{4666A033-BC82-4628-B92B-117FF9979668}.Ad-Hoc|ARM.Deploy.0 = Release|Any CPU
		{4666A033-BC82-4628-B92B-117FF9979668}.Ad-Hoc|iPhone.ActiveCfg = Release|Any CPU
		{4666A033-BC82-4628-B92B-117FF9979668}.Ad-Hoc|iPhone.Build.0 = Release|Any CPU
		{4666A033-BC82-4628-B92B-117FF9979668}.Ad-Hoc|iPhone.Deploy.0 = Release|Any CPU
		{4666A033-BC82-4628-B92B-117FF9979668}.Ad-Hoc|iPhoneSimulator.ActiveCfg = Release|Any CPU
		{4666A033-BC82-4628-B92B-117FF9979668}.Ad-Hoc|iPhoneSimulator.Build.0 = Release|Any CPU
		{4666A033-BC82-4628-B92B-117FF9979668}.Ad-Hoc|iPhoneSimulator.Deploy.0 = Release|Any CPU
		{4666A033-BC82-4628-B92B-117FF9979668}.Ad-Hoc|x64.ActiveCfg = Debug|Any CPU
		{4666A033-BC82-4628-B92B-117FF9979668}.Ad-Hoc|x64.Build.0 = Debug|Any CPU
		{4666A033-BC82-4628-B92B-117FF9979668}.Ad-Hoc|x64.Deploy.0 = Debug|Any CPU
		{4666A033-BC82-4628-B92B-117FF9979668}.Ad-Hoc|x86.ActiveCfg = Release|Any CPU
		{4666A033-BC82-4628-B92B-117FF9979668}.Ad-Hoc|x86.Build.0 = Release|Any CPU
		{4666A033-BC82-4628-B92B-117FF9979668}.Ad-Hoc|x86.Deploy.0 = Release|Any CPU
		{4666A033-BC82-4628-B92B-117FF9979668}.AppStore|Any CPU.ActiveCfg = Release|Any CPU
		{4666A033-BC82-4628-B92B-117FF9979668}.AppStore|Any CPU.Build.0 = Release|Any CPU
		{4666A033-BC82-4628-B92B-117FF9979668}.AppStore|Any CPU.Deploy.0 = Release|Any CPU
		{4666A033-BC82-4628-B92B-117FF9979668}.AppStore|ARM.ActiveCfg = Release|Any CPU
		{4666A033-BC82-4628-B92B-117FF9979668}.AppStore|ARM.Build.0 = Release|Any CPU
		{4666A033-BC82-4628-B92B-117FF9979668}.AppStore|ARM.Deploy.0 = Release|Any CPU
		{4666A033-BC82-4628-B92B-117FF9979668}.AppStore|iPhone.ActiveCfg = Release|Any CPU
		{4666A033-BC82-4628-B92B-117FF9979668}.AppStore|iPhone.Build.0 = Release|Any CPU
		{4666A033-BC82-4628-B92B-117FF9979668}.AppStore|iPhone.Deploy.0 = Release|Any CPU
		{4666A033-BC82-4628-B92B-117FF9979668}.AppStore|iPhoneSimulator.ActiveCfg = Release|Any CPU
		{4666A033-BC82-4628-B92B-117FF9979668}.AppStore|iPhoneSimulator.Build.0 = Release|Any CPU
		{4666A033-BC82-4628-B92B-117FF9979668}.AppStore|iPhoneSimulator.Deploy.0 = Release|Any CPU
		{4666A033-BC82-4628-B92B-117FF9979668}.AppStore|x64.ActiveCfg = Debug|Any CPU
		{4666A033-BC82-4628-B92B-117FF9979668}.AppStore|x64.Build.0 = Debug|Any CPU
		{4666A033-BC82-4628-B92B-117FF9979668}.AppStore|x64.Deploy.0 = Debug|Any CPU
		{4666A033-BC82-4628-B92B-117FF9979668}.AppStore|x86.ActiveCfg = Release|Any CPU
		{4666A033-BC82-4628-B92B-117FF9979668}.AppStore|x86.Build.0 = Release|Any CPU
		{4666A033-BC82-4628-B92B-117FF9979668}.AppStore|x86.Deploy.0 = Release|Any CPU
		{4666A033-BC82-4628-B92B-117FF9979668}.Debug|Any CPU.ActiveCfg = Debug|Any CPU
		{4666A033-BC82-4628-B92B-117FF9979668}.Debug|Any CPU.Build.0 = Debug|Any CPU
		{4666A033-BC82-4628-B92B-117FF9979668}.Debug|Any CPU.Deploy.0 = Debug|Any CPU
		{4666A033-BC82-4628-B92B-117FF9979668}.Debug|ARM.ActiveCfg = Debug|Any CPU
		{4666A033-BC82-4628-B92B-117FF9979668}.Debug|ARM.Build.0 = Debug|Any CPU
		{4666A033-BC82-4628-B92B-117FF9979668}.Debug|ARM.Deploy.0 = Debug|Any CPU
		{4666A033-BC82-4628-B92B-117FF9979668}.Debug|iPhone.ActiveCfg = Debug|Any CPU
		{4666A033-BC82-4628-B92B-117FF9979668}.Debug|iPhone.Build.0 = Debug|Any CPU
		{4666A033-BC82-4628-B92B-117FF9979668}.Debug|iPhone.Deploy.0 = Debug|Any CPU
		{4666A033-BC82-4628-B92B-117FF9979668}.Debug|iPhoneSimulator.ActiveCfg = Debug|Any CPU
		{4666A033-BC82-4628-B92B-117FF9979668}.Debug|iPhoneSimulator.Build.0 = Debug|Any CPU
		{4666A033-BC82-4628-B92B-117FF9979668}.Debug|iPhoneSimulator.Deploy.0 = Debug|Any CPU
		{4666A033-BC82-4628-B92B-117FF9979668}.Debug|x64.ActiveCfg = Debug|Any CPU
		{4666A033-BC82-4628-B92B-117FF9979668}.Debug|x64.Build.0 = Debug|Any CPU
		{4666A033-BC82-4628-B92B-117FF9979668}.Debug|x64.Deploy.0 = Debug|Any CPU
		{4666A033-BC82-4628-B92B-117FF9979668}.Debug|x86.ActiveCfg = Debug|Any CPU
		{4666A033-BC82-4628-B92B-117FF9979668}.Debug|x86.Build.0 = Debug|Any CPU
		{4666A033-BC82-4628-B92B-117FF9979668}.Debug|x86.Deploy.0 = Debug|Any CPU
		{4666A033-BC82-4628-B92B-117FF9979668}.Release|Any CPU.ActiveCfg = Release|Any CPU
		{4666A033-BC82-4628-B92B-117FF9979668}.Release|Any CPU.Build.0 = Release|Any CPU
		{4666A033-BC82-4628-B92B-117FF9979668}.Release|Any CPU.Deploy.0 = Release|Any CPU
		{4666A033-BC82-4628-B92B-117FF9979668}.Release|ARM.ActiveCfg = Release|Any CPU
		{4666A033-BC82-4628-B92B-117FF9979668}.Release|ARM.Build.0 = Release|Any CPU
		{4666A033-BC82-4628-B92B-117FF9979668}.Release|ARM.Deploy.0 = Release|Any CPU
		{4666A033-BC82-4628-B92B-117FF9979668}.Release|iPhone.ActiveCfg = Release|Any CPU
		{4666A033-BC82-4628-B92B-117FF9979668}.Release|iPhone.Build.0 = Release|Any CPU
		{4666A033-BC82-4628-B92B-117FF9979668}.Release|iPhone.Deploy.0 = Release|Any CPU
		{4666A033-BC82-4628-B92B-117FF9979668}.Release|iPhoneSimulator.ActiveCfg = Release|Any CPU
		{4666A033-BC82-4628-B92B-117FF9979668}.Release|iPhoneSimulator.Build.0 = Release|Any CPU
		{4666A033-BC82-4628-B92B-117FF9979668}.Release|iPhoneSimulator.Deploy.0 = Release|Any CPU
		{4666A033-BC82-4628-B92B-117FF9979668}.Release|x64.ActiveCfg = Release|Any CPU
		{4666A033-BC82-4628-B92B-117FF9979668}.Release|x64.Build.0 = Release|Any CPU
		{4666A033-BC82-4628-B92B-117FF9979668}.Release|x64.Deploy.0 = Release|Any CPU
		{4666A033-BC82-4628-B92B-117FF9979668}.Release|x86.ActiveCfg = Release|Any CPU
		{4666A033-BC82-4628-B92B-117FF9979668}.Release|x86.Build.0 = Release|Any CPU
		{4666A033-BC82-4628-B92B-117FF9979668}.Release|x86.Deploy.0 = Release|Any CPU
		{0E211103-72D8-4FE3-ADCA-A7A28FDABF13}.Ad-Hoc|Any CPU.ActiveCfg = Ad-Hoc|iPhone
		{0E211103-72D8-4FE3-ADCA-A7A28FDABF13}.Ad-Hoc|ARM.ActiveCfg = Ad-Hoc|iPhone
		{0E211103-72D8-4FE3-ADCA-A7A28FDABF13}.Ad-Hoc|iPhone.ActiveCfg = Ad-Hoc|iPhone
		{0E211103-72D8-4FE3-ADCA-A7A28FDABF13}.Ad-Hoc|iPhone.Build.0 = Ad-Hoc|iPhone
		{0E211103-72D8-4FE3-ADCA-A7A28FDABF13}.Ad-Hoc|iPhoneSimulator.ActiveCfg = Ad-Hoc|iPhoneSimulator
		{0E211103-72D8-4FE3-ADCA-A7A28FDABF13}.Ad-Hoc|iPhoneSimulator.Build.0 = Ad-Hoc|iPhoneSimulator
		{0E211103-72D8-4FE3-ADCA-A7A28FDABF13}.Ad-Hoc|x64.ActiveCfg = Ad-Hoc|iPhoneSimulator
		{0E211103-72D8-4FE3-ADCA-A7A28FDABF13}.Ad-Hoc|x86.ActiveCfg = Ad-Hoc|iPhone
		{0E211103-72D8-4FE3-ADCA-A7A28FDABF13}.AppStore|Any CPU.ActiveCfg = AppStore|iPhone
		{0E211103-72D8-4FE3-ADCA-A7A28FDABF13}.AppStore|ARM.ActiveCfg = AppStore|iPhone
		{0E211103-72D8-4FE3-ADCA-A7A28FDABF13}.AppStore|iPhone.ActiveCfg = AppStore|iPhone
		{0E211103-72D8-4FE3-ADCA-A7A28FDABF13}.AppStore|iPhone.Build.0 = AppStore|iPhone
		{0E211103-72D8-4FE3-ADCA-A7A28FDABF13}.AppStore|iPhoneSimulator.ActiveCfg = AppStore|iPhoneSimulator
		{0E211103-72D8-4FE3-ADCA-A7A28FDABF13}.AppStore|iPhoneSimulator.Build.0 = AppStore|iPhoneSimulator
		{0E211103-72D8-4FE3-ADCA-A7A28FDABF13}.AppStore|x64.ActiveCfg = AppStore|iPhoneSimulator
		{0E211103-72D8-4FE3-ADCA-A7A28FDABF13}.AppStore|x86.ActiveCfg = AppStore|iPhone
		{0E211103-72D8-4FE3-ADCA-A7A28FDABF13}.Debug|Any CPU.ActiveCfg = Debug|iPhone
		{0E211103-72D8-4FE3-ADCA-A7A28FDABF13}.Debug|ARM.ActiveCfg = Debug|iPhone
		{0E211103-72D8-4FE3-ADCA-A7A28FDABF13}.Debug|iPhone.ActiveCfg = Debug|iPhone
		{0E211103-72D8-4FE3-ADCA-A7A28FDABF13}.Debug|iPhone.Build.0 = Debug|iPhone
		{0E211103-72D8-4FE3-ADCA-A7A28FDABF13}.Debug|iPhoneSimulator.ActiveCfg = Debug|iPhoneSimulator
		{0E211103-72D8-4FE3-ADCA-A7A28FDABF13}.Debug|iPhoneSimulator.Build.0 = Debug|iPhoneSimulator
		{0E211103-72D8-4FE3-ADCA-A7A28FDABF13}.Debug|x64.ActiveCfg = Debug|iPhoneSimulator
		{0E211103-72D8-4FE3-ADCA-A7A28FDABF13}.Debug|x86.ActiveCfg = Debug|iPhone
		{0E211103-72D8-4FE3-ADCA-A7A28FDABF13}.Release|Any CPU.ActiveCfg = Release|iPhone
		{0E211103-72D8-4FE3-ADCA-A7A28FDABF13}.Release|ARM.ActiveCfg = Release|iPhone
		{0E211103-72D8-4FE3-ADCA-A7A28FDABF13}.Release|iPhone.ActiveCfg = Release|iPhone
		{0E211103-72D8-4FE3-ADCA-A7A28FDABF13}.Release|iPhone.Build.0 = Release|iPhone
		{0E211103-72D8-4FE3-ADCA-A7A28FDABF13}.Release|iPhoneSimulator.ActiveCfg = Release|iPhoneSimulator
		{0E211103-72D8-4FE3-ADCA-A7A28FDABF13}.Release|iPhoneSimulator.Build.0 = Release|iPhoneSimulator
		{0E211103-72D8-4FE3-ADCA-A7A28FDABF13}.Release|x64.ActiveCfg = Release|iPhoneSimulator
		{0E211103-72D8-4FE3-ADCA-A7A28FDABF13}.Release|x86.ActiveCfg = Release|iPhone
		{0E211103-72D8-4FE3-ADCA-A7A28FDABF13}.Release|x86.Build.0 = Release|iPhone
		{90D7B287-D73F-4116-93CD-E22631125591}.Ad-Hoc|Any CPU.ActiveCfg = Release|Any CPU
		{90D7B287-D73F-4116-93CD-E22631125591}.Ad-Hoc|Any CPU.Build.0 = Release|Any CPU
		{90D7B287-D73F-4116-93CD-E22631125591}.Ad-Hoc|ARM.ActiveCfg = Release|Any CPU
		{90D7B287-D73F-4116-93CD-E22631125591}.Ad-Hoc|ARM.Build.0 = Release|Any CPU
		{90D7B287-D73F-4116-93CD-E22631125591}.Ad-Hoc|iPhone.ActiveCfg = Release|Any CPU
		{90D7B287-D73F-4116-93CD-E22631125591}.Ad-Hoc|iPhone.Build.0 = Release|Any CPU
		{90D7B287-D73F-4116-93CD-E22631125591}.Ad-Hoc|iPhoneSimulator.ActiveCfg = Release|Any CPU
		{90D7B287-D73F-4116-93CD-E22631125591}.Ad-Hoc|iPhoneSimulator.Build.0 = Release|Any CPU
		{90D7B287-D73F-4116-93CD-E22631125591}.Ad-Hoc|x64.ActiveCfg = Debug|Any CPU
		{90D7B287-D73F-4116-93CD-E22631125591}.Ad-Hoc|x64.Build.0 = Debug|Any CPU
		{90D7B287-D73F-4116-93CD-E22631125591}.Ad-Hoc|x86.ActiveCfg = Release|Any CPU
		{90D7B287-D73F-4116-93CD-E22631125591}.Ad-Hoc|x86.Build.0 = Release|Any CPU
		{90D7B287-D73F-4116-93CD-E22631125591}.AppStore|Any CPU.ActiveCfg = Release|Any CPU
		{90D7B287-D73F-4116-93CD-E22631125591}.AppStore|Any CPU.Build.0 = Release|Any CPU
		{90D7B287-D73F-4116-93CD-E22631125591}.AppStore|ARM.ActiveCfg = Release|Any CPU
		{90D7B287-D73F-4116-93CD-E22631125591}.AppStore|ARM.Build.0 = Release|Any CPU
		{90D7B287-D73F-4116-93CD-E22631125591}.AppStore|iPhone.ActiveCfg = Release|Any CPU
		{90D7B287-D73F-4116-93CD-E22631125591}.AppStore|iPhone.Build.0 = Release|Any CPU
		{90D7B287-D73F-4116-93CD-E22631125591}.AppStore|iPhoneSimulator.ActiveCfg = Release|Any CPU
		{90D7B287-D73F-4116-93CD-E22631125591}.AppStore|iPhoneSimulator.Build.0 = Release|Any CPU
		{90D7B287-D73F-4116-93CD-E22631125591}.AppStore|x64.ActiveCfg = Debug|Any CPU
		{90D7B287-D73F-4116-93CD-E22631125591}.AppStore|x64.Build.0 = Debug|Any CPU
		{90D7B287-D73F-4116-93CD-E22631125591}.AppStore|x86.ActiveCfg = Release|Any CPU
		{90D7B287-D73F-4116-93CD-E22631125591}.AppStore|x86.Build.0 = Release|Any CPU
		{90D7B287-D73F-4116-93CD-E22631125591}.Debug|Any CPU.ActiveCfg = Debug|Any CPU
		{90D7B287-D73F-4116-93CD-E22631125591}.Debug|Any CPU.Build.0 = Debug|Any CPU
		{90D7B287-D73F-4116-93CD-E22631125591}.Debug|ARM.ActiveCfg = Debug|Any CPU
		{90D7B287-D73F-4116-93CD-E22631125591}.Debug|ARM.Build.0 = Debug|Any CPU
		{90D7B287-D73F-4116-93CD-E22631125591}.Debug|iPhone.ActiveCfg = Debug|Any CPU
		{90D7B287-D73F-4116-93CD-E22631125591}.Debug|iPhone.Build.0 = Debug|Any CPU
		{90D7B287-D73F-4116-93CD-E22631125591}.Debug|iPhoneSimulator.ActiveCfg = Debug|Any CPU
		{90D7B287-D73F-4116-93CD-E22631125591}.Debug|iPhoneSimulator.Build.0 = Debug|Any CPU
		{90D7B287-D73F-4116-93CD-E22631125591}.Debug|x64.ActiveCfg = Debug|Any CPU
		{90D7B287-D73F-4116-93CD-E22631125591}.Debug|x64.Build.0 = Debug|Any CPU
		{90D7B287-D73F-4116-93CD-E22631125591}.Debug|x86.ActiveCfg = Debug|Any CPU
		{90D7B287-D73F-4116-93CD-E22631125591}.Debug|x86.Build.0 = Debug|Any CPU
		{90D7B287-D73F-4116-93CD-E22631125591}.Release|Any CPU.ActiveCfg = Release|Any CPU
		{90D7B287-D73F-4116-93CD-E22631125591}.Release|Any CPU.Build.0 = Release|Any CPU
		{90D7B287-D73F-4116-93CD-E22631125591}.Release|ARM.ActiveCfg = Release|Any CPU
		{90D7B287-D73F-4116-93CD-E22631125591}.Release|ARM.Build.0 = Release|Any CPU
		{90D7B287-D73F-4116-93CD-E22631125591}.Release|iPhone.ActiveCfg = Release|Any CPU
		{90D7B287-D73F-4116-93CD-E22631125591}.Release|iPhone.Build.0 = Release|Any CPU
		{90D7B287-D73F-4116-93CD-E22631125591}.Release|iPhoneSimulator.ActiveCfg = Release|Any CPU
		{90D7B287-D73F-4116-93CD-E22631125591}.Release|iPhoneSimulator.Build.0 = Release|Any CPU
		{90D7B287-D73F-4116-93CD-E22631125591}.Release|x64.ActiveCfg = Release|Any CPU
		{90D7B287-D73F-4116-93CD-E22631125591}.Release|x64.Build.0 = Release|Any CPU
		{90D7B287-D73F-4116-93CD-E22631125591}.Release|x86.ActiveCfg = Release|Any CPU
		{90D7B287-D73F-4116-93CD-E22631125591}.Release|x86.Build.0 = Release|Any CPU
		{67F9D3A8-F71E-4428-913F-C37AE82CDB24}.Ad-Hoc|Any CPU.ActiveCfg = Release|Any CPU
		{67F9D3A8-F71E-4428-913F-C37AE82CDB24}.Ad-Hoc|Any CPU.Build.0 = Release|Any CPU
		{67F9D3A8-F71E-4428-913F-C37AE82CDB24}.Ad-Hoc|ARM.ActiveCfg = Release|Any CPU
		{67F9D3A8-F71E-4428-913F-C37AE82CDB24}.Ad-Hoc|ARM.Build.0 = Release|Any CPU
		{67F9D3A8-F71E-4428-913F-C37AE82CDB24}.Ad-Hoc|iPhone.ActiveCfg = Release|Any CPU
		{67F9D3A8-F71E-4428-913F-C37AE82CDB24}.Ad-Hoc|iPhone.Build.0 = Release|Any CPU
		{67F9D3A8-F71E-4428-913F-C37AE82CDB24}.Ad-Hoc|iPhoneSimulator.ActiveCfg = Release|Any CPU
		{67F9D3A8-F71E-4428-913F-C37AE82CDB24}.Ad-Hoc|iPhoneSimulator.Build.0 = Release|Any CPU
		{67F9D3A8-F71E-4428-913F-C37AE82CDB24}.Ad-Hoc|x64.ActiveCfg = Debug|Any CPU
		{67F9D3A8-F71E-4428-913F-C37AE82CDB24}.Ad-Hoc|x64.Build.0 = Debug|Any CPU
		{67F9D3A8-F71E-4428-913F-C37AE82CDB24}.Ad-Hoc|x86.ActiveCfg = Release|Any CPU
		{67F9D3A8-F71E-4428-913F-C37AE82CDB24}.Ad-Hoc|x86.Build.0 = Release|Any CPU
		{67F9D3A8-F71E-4428-913F-C37AE82CDB24}.AppStore|Any CPU.ActiveCfg = Release|Any CPU
		{67F9D3A8-F71E-4428-913F-C37AE82CDB24}.AppStore|Any CPU.Build.0 = Release|Any CPU
		{67F9D3A8-F71E-4428-913F-C37AE82CDB24}.AppStore|ARM.ActiveCfg = Release|Any CPU
		{67F9D3A8-F71E-4428-913F-C37AE82CDB24}.AppStore|ARM.Build.0 = Release|Any CPU
		{67F9D3A8-F71E-4428-913F-C37AE82CDB24}.AppStore|iPhone.ActiveCfg = Release|Any CPU
		{67F9D3A8-F71E-4428-913F-C37AE82CDB24}.AppStore|iPhone.Build.0 = Release|Any CPU
		{67F9D3A8-F71E-4428-913F-C37AE82CDB24}.AppStore|iPhoneSimulator.ActiveCfg = Release|Any CPU
		{67F9D3A8-F71E-4428-913F-C37AE82CDB24}.AppStore|iPhoneSimulator.Build.0 = Release|Any CPU
		{67F9D3A8-F71E-4428-913F-C37AE82CDB24}.AppStore|x64.ActiveCfg = Debug|Any CPU
		{67F9D3A8-F71E-4428-913F-C37AE82CDB24}.AppStore|x64.Build.0 = Debug|Any CPU
		{67F9D3A8-F71E-4428-913F-C37AE82CDB24}.AppStore|x86.ActiveCfg = Release|Any CPU
		{67F9D3A8-F71E-4428-913F-C37AE82CDB24}.AppStore|x86.Build.0 = Release|Any CPU
		{67F9D3A8-F71E-4428-913F-C37AE82CDB24}.Debug|Any CPU.ActiveCfg = Debug|Any CPU
		{67F9D3A8-F71E-4428-913F-C37AE82CDB24}.Debug|Any CPU.Build.0 = Debug|Any CPU
		{67F9D3A8-F71E-4428-913F-C37AE82CDB24}.Debug|ARM.ActiveCfg = Debug|Any CPU
		{67F9D3A8-F71E-4428-913F-C37AE82CDB24}.Debug|ARM.Build.0 = Debug|Any CPU
		{67F9D3A8-F71E-4428-913F-C37AE82CDB24}.Debug|iPhone.ActiveCfg = Debug|Any CPU
		{67F9D3A8-F71E-4428-913F-C37AE82CDB24}.Debug|iPhone.Build.0 = Debug|Any CPU
		{67F9D3A8-F71E-4428-913F-C37AE82CDB24}.Debug|iPhoneSimulator.ActiveCfg = Debug|Any CPU
		{67F9D3A8-F71E-4428-913F-C37AE82CDB24}.Debug|iPhoneSimulator.Build.0 = Debug|Any CPU
		{67F9D3A8-F71E-4428-913F-C37AE82CDB24}.Debug|x64.ActiveCfg = Debug|Any CPU
		{67F9D3A8-F71E-4428-913F-C37AE82CDB24}.Debug|x64.Build.0 = Debug|Any CPU
		{67F9D3A8-F71E-4428-913F-C37AE82CDB24}.Debug|x86.ActiveCfg = Debug|Any CPU
		{67F9D3A8-F71E-4428-913F-C37AE82CDB24}.Debug|x86.Build.0 = Debug|Any CPU
		{67F9D3A8-F71E-4428-913F-C37AE82CDB24}.Release|Any CPU.ActiveCfg = Release|Any CPU
		{67F9D3A8-F71E-4428-913F-C37AE82CDB24}.Release|Any CPU.Build.0 = Release|Any CPU
		{67F9D3A8-F71E-4428-913F-C37AE82CDB24}.Release|ARM.ActiveCfg = Release|Any CPU
		{67F9D3A8-F71E-4428-913F-C37AE82CDB24}.Release|ARM.Build.0 = Release|Any CPU
		{67F9D3A8-F71E-4428-913F-C37AE82CDB24}.Release|iPhone.ActiveCfg = Release|Any CPU
		{67F9D3A8-F71E-4428-913F-C37AE82CDB24}.Release|iPhone.Build.0 = Release|Any CPU
		{67F9D3A8-F71E-4428-913F-C37AE82CDB24}.Release|iPhoneSimulator.ActiveCfg = Release|Any CPU
		{67F9D3A8-F71E-4428-913F-C37AE82CDB24}.Release|iPhoneSimulator.Build.0 = Release|Any CPU
		{67F9D3A8-F71E-4428-913F-C37AE82CDB24}.Release|x64.ActiveCfg = Release|Any CPU
		{67F9D3A8-F71E-4428-913F-C37AE82CDB24}.Release|x64.Build.0 = Release|Any CPU
		{67F9D3A8-F71E-4428-913F-C37AE82CDB24}.Release|x86.ActiveCfg = Release|Any CPU
		{67F9D3A8-F71E-4428-913F-C37AE82CDB24}.Release|x86.Build.0 = Release|Any CPU
		{313E2D74-1958-46DB-AA07-A5D132C05BC3}.Ad-Hoc|Any CPU.ActiveCfg = Release|x64
		{313E2D74-1958-46DB-AA07-A5D132C05BC3}.Ad-Hoc|Any CPU.Build.0 = Release|x64
		{313E2D74-1958-46DB-AA07-A5D132C05BC3}.Ad-Hoc|Any CPU.Deploy.0 = Release|x64
		{313E2D74-1958-46DB-AA07-A5D132C05BC3}.Ad-Hoc|ARM.ActiveCfg = Release|ARM
		{313E2D74-1958-46DB-AA07-A5D132C05BC3}.Ad-Hoc|ARM.Build.0 = Release|ARM
		{313E2D74-1958-46DB-AA07-A5D132C05BC3}.Ad-Hoc|ARM.Deploy.0 = Release|ARM
		{313E2D74-1958-46DB-AA07-A5D132C05BC3}.Ad-Hoc|iPhone.ActiveCfg = Release|x64
		{313E2D74-1958-46DB-AA07-A5D132C05BC3}.Ad-Hoc|iPhone.Build.0 = Release|x64
		{313E2D74-1958-46DB-AA07-A5D132C05BC3}.Ad-Hoc|iPhone.Deploy.0 = Release|x64
		{313E2D74-1958-46DB-AA07-A5D132C05BC3}.Ad-Hoc|iPhoneSimulator.ActiveCfg = Release|x64
		{313E2D74-1958-46DB-AA07-A5D132C05BC3}.Ad-Hoc|iPhoneSimulator.Build.0 = Release|x64
		{313E2D74-1958-46DB-AA07-A5D132C05BC3}.Ad-Hoc|iPhoneSimulator.Deploy.0 = Release|x64
		{313E2D74-1958-46DB-AA07-A5D132C05BC3}.Ad-Hoc|x64.ActiveCfg = Release|x64
		{313E2D74-1958-46DB-AA07-A5D132C05BC3}.Ad-Hoc|x64.Build.0 = Release|x64
		{313E2D74-1958-46DB-AA07-A5D132C05BC3}.Ad-Hoc|x64.Deploy.0 = Release|x64
		{313E2D74-1958-46DB-AA07-A5D132C05BC3}.Ad-Hoc|x86.ActiveCfg = Release|x86
		{313E2D74-1958-46DB-AA07-A5D132C05BC3}.Ad-Hoc|x86.Build.0 = Release|x86
		{313E2D74-1958-46DB-AA07-A5D132C05BC3}.Ad-Hoc|x86.Deploy.0 = Release|x86
		{313E2D74-1958-46DB-AA07-A5D132C05BC3}.AppStore|Any CPU.ActiveCfg = Release|x64
		{313E2D74-1958-46DB-AA07-A5D132C05BC3}.AppStore|Any CPU.Build.0 = Release|x64
		{313E2D74-1958-46DB-AA07-A5D132C05BC3}.AppStore|Any CPU.Deploy.0 = Release|x64
		{313E2D74-1958-46DB-AA07-A5D132C05BC3}.AppStore|ARM.ActiveCfg = Release|ARM
		{313E2D74-1958-46DB-AA07-A5D132C05BC3}.AppStore|ARM.Build.0 = Release|ARM
		{313E2D74-1958-46DB-AA07-A5D132C05BC3}.AppStore|ARM.Deploy.0 = Release|ARM
		{313E2D74-1958-46DB-AA07-A5D132C05BC3}.AppStore|iPhone.ActiveCfg = Release|x64
		{313E2D74-1958-46DB-AA07-A5D132C05BC3}.AppStore|iPhone.Build.0 = Release|x64
		{313E2D74-1958-46DB-AA07-A5D132C05BC3}.AppStore|iPhone.Deploy.0 = Release|x64
		{313E2D74-1958-46DB-AA07-A5D132C05BC3}.AppStore|iPhoneSimulator.ActiveCfg = Release|x64
		{313E2D74-1958-46DB-AA07-A5D132C05BC3}.AppStore|iPhoneSimulator.Build.0 = Release|x64
		{313E2D74-1958-46DB-AA07-A5D132C05BC3}.AppStore|iPhoneSimulator.Deploy.0 = Release|x64
		{313E2D74-1958-46DB-AA07-A5D132C05BC3}.AppStore|x64.ActiveCfg = Release|x64
		{313E2D74-1958-46DB-AA07-A5D132C05BC3}.AppStore|x64.Build.0 = Release|x64
		{313E2D74-1958-46DB-AA07-A5D132C05BC3}.AppStore|x64.Deploy.0 = Release|x64
		{313E2D74-1958-46DB-AA07-A5D132C05BC3}.AppStore|x86.ActiveCfg = Release|x86
		{313E2D74-1958-46DB-AA07-A5D132C05BC3}.AppStore|x86.Build.0 = Release|x86
		{313E2D74-1958-46DB-AA07-A5D132C05BC3}.AppStore|x86.Deploy.0 = Release|x86
		{313E2D74-1958-46DB-AA07-A5D132C05BC3}.Debug|Any CPU.ActiveCfg = Debug|x86
		{313E2D74-1958-46DB-AA07-A5D132C05BC3}.Debug|ARM.ActiveCfg = Debug|ARM
		{313E2D74-1958-46DB-AA07-A5D132C05BC3}.Debug|ARM.Build.0 = Debug|ARM
		{313E2D74-1958-46DB-AA07-A5D132C05BC3}.Debug|ARM.Deploy.0 = Debug|ARM
		{313E2D74-1958-46DB-AA07-A5D132C05BC3}.Debug|iPhone.ActiveCfg = Debug|x86
		{313E2D74-1958-46DB-AA07-A5D132C05BC3}.Debug|iPhoneSimulator.ActiveCfg = Debug|x86
		{313E2D74-1958-46DB-AA07-A5D132C05BC3}.Debug|iPhoneSimulator.Build.0 = Debug|x86
		{313E2D74-1958-46DB-AA07-A5D132C05BC3}.Debug|iPhoneSimulator.Deploy.0 = Debug|x86
		{313E2D74-1958-46DB-AA07-A5D132C05BC3}.Debug|x64.ActiveCfg = Debug|x64
		{313E2D74-1958-46DB-AA07-A5D132C05BC3}.Debug|x64.Build.0 = Debug|x64
		{313E2D74-1958-46DB-AA07-A5D132C05BC3}.Debug|x64.Deploy.0 = Debug|x64
		{313E2D74-1958-46DB-AA07-A5D132C05BC3}.Debug|x86.ActiveCfg = Debug|x86
		{313E2D74-1958-46DB-AA07-A5D132C05BC3}.Debug|x86.Build.0 = Debug|x86
		{313E2D74-1958-46DB-AA07-A5D132C05BC3}.Debug|x86.Deploy.0 = Debug|x86
		{313E2D74-1958-46DB-AA07-A5D132C05BC3}.Release|Any CPU.ActiveCfg = Release|x86
		{313E2D74-1958-46DB-AA07-A5D132C05BC3}.Release|ARM.ActiveCfg = Release|ARM
		{313E2D74-1958-46DB-AA07-A5D132C05BC3}.Release|ARM.Build.0 = Release|ARM
		{313E2D74-1958-46DB-AA07-A5D132C05BC3}.Release|ARM.Deploy.0 = Release|ARM
		{313E2D74-1958-46DB-AA07-A5D132C05BC3}.Release|iPhone.ActiveCfg = Release|x86
		{313E2D74-1958-46DB-AA07-A5D132C05BC3}.Release|iPhoneSimulator.ActiveCfg = Release|x86
		{313E2D74-1958-46DB-AA07-A5D132C05BC3}.Release|iPhoneSimulator.Build.0 = Release|x86
		{313E2D74-1958-46DB-AA07-A5D132C05BC3}.Release|iPhoneSimulator.Deploy.0 = Release|x86
		{313E2D74-1958-46DB-AA07-A5D132C05BC3}.Release|x64.ActiveCfg = Release|x64
		{313E2D74-1958-46DB-AA07-A5D132C05BC3}.Release|x64.Build.0 = Release|x64
		{313E2D74-1958-46DB-AA07-A5D132C05BC3}.Release|x64.Deploy.0 = Release|x64
		{313E2D74-1958-46DB-AA07-A5D132C05BC3}.Release|x86.ActiveCfg = Release|x86
		{313E2D74-1958-46DB-AA07-A5D132C05BC3}.Release|x86.Build.0 = Release|x86
		{313E2D74-1958-46DB-AA07-A5D132C05BC3}.Release|x86.Deploy.0 = Release|x86
		{B177698B-EA06-4D93-AB9F-92D7967B17B1}.Ad-Hoc|Any CPU.ActiveCfg = Release|Any CPU
		{B177698B-EA06-4D93-AB9F-92D7967B17B1}.Ad-Hoc|Any CPU.Build.0 = Release|Any CPU
		{B177698B-EA06-4D93-AB9F-92D7967B17B1}.Ad-Hoc|ARM.ActiveCfg = Release|Any CPU
		{B177698B-EA06-4D93-AB9F-92D7967B17B1}.Ad-Hoc|ARM.Build.0 = Release|Any CPU
		{B177698B-EA06-4D93-AB9F-92D7967B17B1}.Ad-Hoc|iPhone.ActiveCfg = Release|Any CPU
		{B177698B-EA06-4D93-AB9F-92D7967B17B1}.Ad-Hoc|iPhone.Build.0 = Release|Any CPU
		{B177698B-EA06-4D93-AB9F-92D7967B17B1}.Ad-Hoc|iPhoneSimulator.ActiveCfg = Release|Any CPU
		{B177698B-EA06-4D93-AB9F-92D7967B17B1}.Ad-Hoc|iPhoneSimulator.Build.0 = Release|Any CPU
		{B177698B-EA06-4D93-AB9F-92D7967B17B1}.Ad-Hoc|x64.ActiveCfg = Release|Any CPU
		{B177698B-EA06-4D93-AB9F-92D7967B17B1}.Ad-Hoc|x64.Build.0 = Release|Any CPU
		{B177698B-EA06-4D93-AB9F-92D7967B17B1}.Ad-Hoc|x86.ActiveCfg = Release|Any CPU
		{B177698B-EA06-4D93-AB9F-92D7967B17B1}.Ad-Hoc|x86.Build.0 = Release|Any CPU
		{B177698B-EA06-4D93-AB9F-92D7967B17B1}.AppStore|Any CPU.ActiveCfg = Release|Any CPU
		{B177698B-EA06-4D93-AB9F-92D7967B17B1}.AppStore|Any CPU.Build.0 = Release|Any CPU
		{B177698B-EA06-4D93-AB9F-92D7967B17B1}.AppStore|ARM.ActiveCfg = Release|Any CPU
		{B177698B-EA06-4D93-AB9F-92D7967B17B1}.AppStore|ARM.Build.0 = Release|Any CPU
		{B177698B-EA06-4D93-AB9F-92D7967B17B1}.AppStore|iPhone.ActiveCfg = Release|Any CPU
		{B177698B-EA06-4D93-AB9F-92D7967B17B1}.AppStore|iPhone.Build.0 = Release|Any CPU
		{B177698B-EA06-4D93-AB9F-92D7967B17B1}.AppStore|iPhoneSimulator.ActiveCfg = Release|Any CPU
		{B177698B-EA06-4D93-AB9F-92D7967B17B1}.AppStore|iPhoneSimulator.Build.0 = Release|Any CPU
		{B177698B-EA06-4D93-AB9F-92D7967B17B1}.AppStore|x64.ActiveCfg = Release|Any CPU
		{B177698B-EA06-4D93-AB9F-92D7967B17B1}.AppStore|x64.Build.0 = Release|Any CPU
		{B177698B-EA06-4D93-AB9F-92D7967B17B1}.AppStore|x86.ActiveCfg = Release|Any CPU
		{B177698B-EA06-4D93-AB9F-92D7967B17B1}.AppStore|x86.Build.0 = Release|Any CPU
		{B177698B-EA06-4D93-AB9F-92D7967B17B1}.Debug|Any CPU.ActiveCfg = Debug|Any CPU
		{B177698B-EA06-4D93-AB9F-92D7967B17B1}.Debug|Any CPU.Build.0 = Debug|Any CPU
		{B177698B-EA06-4D93-AB9F-92D7967B17B1}.Debug|ARM.ActiveCfg = Debug|Any CPU
		{B177698B-EA06-4D93-AB9F-92D7967B17B1}.Debug|ARM.Build.0 = Debug|Any CPU
		{B177698B-EA06-4D93-AB9F-92D7967B17B1}.Debug|iPhone.ActiveCfg = Debug|Any CPU
		{B177698B-EA06-4D93-AB9F-92D7967B17B1}.Debug|iPhone.Build.0 = Debug|Any CPU
		{B177698B-EA06-4D93-AB9F-92D7967B17B1}.Debug|iPhoneSimulator.ActiveCfg = Debug|Any CPU
		{B177698B-EA06-4D93-AB9F-92D7967B17B1}.Debug|iPhoneSimulator.Build.0 = Debug|Any CPU
		{B177698B-EA06-4D93-AB9F-92D7967B17B1}.Debug|x64.ActiveCfg = Debug|Any CPU
		{B177698B-EA06-4D93-AB9F-92D7967B17B1}.Debug|x64.Build.0 = Debug|Any CPU
		{B177698B-EA06-4D93-AB9F-92D7967B17B1}.Debug|x86.ActiveCfg = Debug|Any CPU
		{B177698B-EA06-4D93-AB9F-92D7967B17B1}.Debug|x86.Build.0 = Debug|Any CPU
		{B177698B-EA06-4D93-AB9F-92D7967B17B1}.Release|Any CPU.ActiveCfg = Release|Any CPU
		{B177698B-EA06-4D93-AB9F-92D7967B17B1}.Release|Any CPU.Build.0 = Release|Any CPU
		{B177698B-EA06-4D93-AB9F-92D7967B17B1}.Release|ARM.ActiveCfg = Release|Any CPU
		{B177698B-EA06-4D93-AB9F-92D7967B17B1}.Release|ARM.Build.0 = Release|Any CPU
		{B177698B-EA06-4D93-AB9F-92D7967B17B1}.Release|iPhone.ActiveCfg = Release|Any CPU
		{B177698B-EA06-4D93-AB9F-92D7967B17B1}.Release|iPhone.Build.0 = Release|Any CPU
		{B177698B-EA06-4D93-AB9F-92D7967B17B1}.Release|iPhoneSimulator.ActiveCfg = Release|Any CPU
		{B177698B-EA06-4D93-AB9F-92D7967B17B1}.Release|iPhoneSimulator.Build.0 = Release|Any CPU
		{B177698B-EA06-4D93-AB9F-92D7967B17B1}.Release|x64.ActiveCfg = Release|Any CPU
		{B177698B-EA06-4D93-AB9F-92D7967B17B1}.Release|x64.Build.0 = Release|Any CPU
		{B177698B-EA06-4D93-AB9F-92D7967B17B1}.Release|x86.ActiveCfg = Release|Any CPU
		{B177698B-EA06-4D93-AB9F-92D7967B17B1}.Release|x86.Build.0 = Release|Any CPU
		{27619248-8E6C-4D3B-A271-600C922E99FC}.Ad-Hoc|Any CPU.ActiveCfg = Release|Any CPU
		{27619248-8E6C-4D3B-A271-600C922E99FC}.Ad-Hoc|Any CPU.Build.0 = Release|Any CPU
		{27619248-8E6C-4D3B-A271-600C922E99FC}.Ad-Hoc|ARM.ActiveCfg = Release|Any CPU
		{27619248-8E6C-4D3B-A271-600C922E99FC}.Ad-Hoc|ARM.Build.0 = Release|Any CPU
		{27619248-8E6C-4D3B-A271-600C922E99FC}.Ad-Hoc|iPhone.ActiveCfg = Release|Any CPU
		{27619248-8E6C-4D3B-A271-600C922E99FC}.Ad-Hoc|iPhone.Build.0 = Release|Any CPU
		{27619248-8E6C-4D3B-A271-600C922E99FC}.Ad-Hoc|iPhoneSimulator.ActiveCfg = Release|Any CPU
		{27619248-8E6C-4D3B-A271-600C922E99FC}.Ad-Hoc|iPhoneSimulator.Build.0 = Release|Any CPU
		{27619248-8E6C-4D3B-A271-600C922E99FC}.Ad-Hoc|x64.ActiveCfg = Release|Any CPU
		{27619248-8E6C-4D3B-A271-600C922E99FC}.Ad-Hoc|x64.Build.0 = Release|Any CPU
		{27619248-8E6C-4D3B-A271-600C922E99FC}.Ad-Hoc|x86.ActiveCfg = Release|Any CPU
		{27619248-8E6C-4D3B-A271-600C922E99FC}.Ad-Hoc|x86.Build.0 = Release|Any CPU
		{27619248-8E6C-4D3B-A271-600C922E99FC}.AppStore|Any CPU.ActiveCfg = Release|Any CPU
		{27619248-8E6C-4D3B-A271-600C922E99FC}.AppStore|Any CPU.Build.0 = Release|Any CPU
		{27619248-8E6C-4D3B-A271-600C922E99FC}.AppStore|ARM.ActiveCfg = Release|Any CPU
		{27619248-8E6C-4D3B-A271-600C922E99FC}.AppStore|ARM.Build.0 = Release|Any CPU
		{27619248-8E6C-4D3B-A271-600C922E99FC}.AppStore|iPhone.ActiveCfg = Release|Any CPU
		{27619248-8E6C-4D3B-A271-600C922E99FC}.AppStore|iPhone.Build.0 = Release|Any CPU
		{27619248-8E6C-4D3B-A271-600C922E99FC}.AppStore|iPhoneSimulator.ActiveCfg = Release|Any CPU
		{27619248-8E6C-4D3B-A271-600C922E99FC}.AppStore|iPhoneSimulator.Build.0 = Release|Any CPU
		{27619248-8E6C-4D3B-A271-600C922E99FC}.AppStore|x64.ActiveCfg = Release|Any CPU
		{27619248-8E6C-4D3B-A271-600C922E99FC}.AppStore|x64.Build.0 = Release|Any CPU
		{27619248-8E6C-4D3B-A271-600C922E99FC}.AppStore|x86.ActiveCfg = Release|Any CPU
		{27619248-8E6C-4D3B-A271-600C922E99FC}.AppStore|x86.Build.0 = Release|Any CPU
		{27619248-8E6C-4D3B-A271-600C922E99FC}.Debug|Any CPU.ActiveCfg = Debug|Any CPU
		{27619248-8E6C-4D3B-A271-600C922E99FC}.Debug|Any CPU.Build.0 = Debug|Any CPU
		{27619248-8E6C-4D3B-A271-600C922E99FC}.Debug|ARM.ActiveCfg = Debug|Any CPU
		{27619248-8E6C-4D3B-A271-600C922E99FC}.Debug|ARM.Build.0 = Debug|Any CPU
		{27619248-8E6C-4D3B-A271-600C922E99FC}.Debug|iPhone.ActiveCfg = Debug|Any CPU
		{27619248-8E6C-4D3B-A271-600C922E99FC}.Debug|iPhone.Build.0 = Debug|Any CPU
		{27619248-8E6C-4D3B-A271-600C922E99FC}.Debug|iPhoneSimulator.ActiveCfg = Debug|Any CPU
		{27619248-8E6C-4D3B-A271-600C922E99FC}.Debug|iPhoneSimulator.Build.0 = Debug|Any CPU
		{27619248-8E6C-4D3B-A271-600C922E99FC}.Debug|x64.ActiveCfg = Debug|Any CPU
		{27619248-8E6C-4D3B-A271-600C922E99FC}.Debug|x64.Build.0 = Debug|Any CPU
		{27619248-8E6C-4D3B-A271-600C922E99FC}.Debug|x86.ActiveCfg = Debug|Any CPU
		{27619248-8E6C-4D3B-A271-600C922E99FC}.Debug|x86.Build.0 = Debug|Any CPU
		{27619248-8E6C-4D3B-A271-600C922E99FC}.Release|Any CPU.ActiveCfg = Release|Any CPU
		{27619248-8E6C-4D3B-A271-600C922E99FC}.Release|Any CPU.Build.0 = Release|Any CPU
		{27619248-8E6C-4D3B-A271-600C922E99FC}.Release|ARM.ActiveCfg = Release|Any CPU
		{27619248-8E6C-4D3B-A271-600C922E99FC}.Release|ARM.Build.0 = Release|Any CPU
		{27619248-8E6C-4D3B-A271-600C922E99FC}.Release|iPhone.ActiveCfg = Release|Any CPU
		{27619248-8E6C-4D3B-A271-600C922E99FC}.Release|iPhone.Build.0 = Release|Any CPU
		{27619248-8E6C-4D3B-A271-600C922E99FC}.Release|iPhoneSimulator.ActiveCfg = Release|Any CPU
		{27619248-8E6C-4D3B-A271-600C922E99FC}.Release|iPhoneSimulator.Build.0 = Release|Any CPU
		{27619248-8E6C-4D3B-A271-600C922E99FC}.Release|x64.ActiveCfg = Release|Any CPU
		{27619248-8E6C-4D3B-A271-600C922E99FC}.Release|x64.Build.0 = Release|Any CPU
		{27619248-8E6C-4D3B-A271-600C922E99FC}.Release|x86.ActiveCfg = Release|Any CPU
		{27619248-8E6C-4D3B-A271-600C922E99FC}.Release|x86.Build.0 = Release|Any CPU
	EndGlobalSection
	GlobalSection(SolutionProperties) = preSolution
		HideSolutionNode = FALSE
	EndGlobalSection
	GlobalSection(NestedProjects) = preSolution
		{4666A033-BC82-4628-B92B-117FF9979668} = {ABD19303-D1E3-4235-8C8D-6EDD3EE24273}
		{0E211103-72D8-4FE3-ADCA-A7A28FDABF13} = {ABD19303-D1E3-4235-8C8D-6EDD3EE24273}
		{90D7B287-D73F-4116-93CD-E22631125591} = {ABD19303-D1E3-4235-8C8D-6EDD3EE24273}
		{313E2D74-1958-46DB-AA07-A5D132C05BC3} = {ABD19303-D1E3-4235-8C8D-6EDD3EE24273}
		{B177698B-EA06-4D93-AB9F-92D7967B17B1} = {ABD19303-D1E3-4235-8C8D-6EDD3EE24273}
		{27619248-8E6C-4D3B-A271-600C922E99FC} = {ABD19303-D1E3-4235-8C8D-6EDD3EE24273}
	EndGlobalSection
	GlobalSection(ExtensibilityGlobals) = postSolution
		SolutionGuid = {AD71CEE2-40BD-498A-8C15-EE846D9A8951}
	EndGlobalSection
EndGlobal
